# THIS IS AN AUTOGENERATED FILE. DO NOT EDIT THIS FILE DIRECTLY.
# yarn lockfile v1


"@algolia/autocomplete-core@^1.0.0-alpha.35":
  version "1.1.0"
  resolved "https://registry.yarnpkg.com/@algolia/autocomplete-core/-/autocomplete-core-1.1.0.tgz#774ab85c1ad8f0b64db5b1d44bb3ad8d65553cc5"
  dependencies:
    "@algolia/autocomplete-shared" "1.1.0"

"@algolia/autocomplete-preset-algolia@^1.0.0-alpha.35":
  version "1.1.0"
  resolved "https://registry.yarnpkg.com/@algolia/autocomplete-preset-algolia/-/autocomplete-preset-algolia-1.1.0.tgz#4cdf53de2c3e3ba1c9be8199d36742f99681eb8a"
  dependencies:
    "@algolia/autocomplete-shared" "1.1.0"

"@algolia/autocomplete-shared@1.1.0":
  version "1.1.0"
  resolved "https://registry.yarnpkg.com/@algolia/autocomplete-shared/-/autocomplete-shared-1.1.0.tgz#d66ef20e26cb417b7fa4119de27ce042819395c5"

"@algolia/cache-browser-local-storage@4.9.1":
  version "4.9.1"
  resolved "https://registry.yarnpkg.com/@algolia/cache-browser-local-storage/-/cache-browser-local-storage-4.9.1.tgz#784e91580dcca00a8280b0905197f5abbbdf4b48"
  dependencies:
    "@algolia/cache-common" "4.9.1"

"@algolia/cache-common@4.9.1":
  version "4.9.1"
  resolved "https://registry.yarnpkg.com/@algolia/cache-common/-/cache-common-4.9.1.tgz#2d5f37ba7aab7db76627c4a4fce51a7fd137fa65"

"@algolia/cache-in-memory@4.9.1":
  version "4.9.1"
  resolved "https://registry.yarnpkg.com/@algolia/cache-in-memory/-/cache-in-memory-4.9.1.tgz#3fd1d67aec804b6cc8439015b8b9c712a45c7ae0"
  dependencies:
    "@algolia/cache-common" "4.9.1"

"@algolia/client-account@4.9.1":
  version "4.9.1"
  resolved "https://registry.yarnpkg.com/@algolia/client-account/-/client-account-4.9.1.tgz#f2c1b3e49de2ee1fca44b8b5e64e1ce0dbdff0db"
  dependencies:
    "@algolia/client-common" "4.9.1"
    "@algolia/client-search" "4.9.1"
    "@algolia/transporter" "4.9.1"

"@algolia/client-analytics@4.9.1":
  version "4.9.1"
  resolved "https://registry.yarnpkg.com/@algolia/client-analytics/-/client-analytics-4.9.1.tgz#56972496526910c53c5ce7844f4571efba63eb5f"
  dependencies:
    "@algolia/client-common" "4.9.1"
    "@algolia/client-search" "4.9.1"
    "@algolia/requester-common" "4.9.1"
    "@algolia/transporter" "4.9.1"

"@algolia/client-common@4.9.1":
  version "4.9.1"
  resolved "https://registry.yarnpkg.com/@algolia/client-common/-/client-common-4.9.1.tgz#ae313b65d3249efcb4fafd2e92ed1fa2fd075482"
  dependencies:
    "@algolia/requester-common" "4.9.1"
    "@algolia/transporter" "4.9.1"

"@algolia/client-recommendation@4.9.1":
  version "4.9.1"
  resolved "https://registry.yarnpkg.com/@algolia/client-recommendation/-/client-recommendation-4.9.1.tgz#217af2a38d37ab12cf23a419cc9a576af9d15b13"
  dependencies:
    "@algolia/client-common" "4.9.1"
    "@algolia/requester-common" "4.9.1"
    "@algolia/transporter" "4.9.1"

"@algolia/client-search@4.9.1":
  version "4.9.1"
  resolved "https://registry.yarnpkg.com/@algolia/client-search/-/client-search-4.9.1.tgz#a2fbc47a1b343dade9a8b06310231d51ff675b1b"
  dependencies:
    "@algolia/client-common" "4.9.1"
    "@algolia/requester-common" "4.9.1"
    "@algolia/transporter" "4.9.1"

"@algolia/logger-common@4.9.1":
  version "4.9.1"
  resolved "https://registry.yarnpkg.com/@algolia/logger-common/-/logger-common-4.9.1.tgz#3323834095f2916338d2535d2df91c4723ac19f2"

"@algolia/logger-console@4.9.1":
  version "4.9.1"
  resolved "https://registry.yarnpkg.com/@algolia/logger-console/-/logger-console-4.9.1.tgz#c324ef26843dbed06b44586309331dbb949744ad"
  dependencies:
    "@algolia/logger-common" "4.9.1"

"@algolia/requester-browser-xhr@4.9.1":
  version "4.9.1"
  resolved "https://registry.yarnpkg.com/@algolia/requester-browser-xhr/-/requester-browser-xhr-4.9.1.tgz#0812f3c7c4105a4646c0fba8429b172b2d0e01c5"
  dependencies:
    "@algolia/requester-common" "4.9.1"

"@algolia/requester-common@4.9.1":
  version "4.9.1"
  resolved "https://registry.yarnpkg.com/@algolia/requester-common/-/requester-common-4.9.1.tgz#50fcf4c7c1ed7ae13159167ac1da2844d036a630"

"@algolia/requester-node-http@4.9.1":
  version "4.9.1"
  resolved "https://registry.yarnpkg.com/@algolia/requester-node-http/-/requester-node-http-4.9.1.tgz#70054a0aa5643072404fcb68042eec97c7abd1c8"
  dependencies:
    "@algolia/requester-common" "4.9.1"

"@algolia/transporter@4.9.1":
  version "4.9.1"
  resolved "https://registry.yarnpkg.com/@algolia/transporter/-/transporter-4.9.1.tgz#63ef3d9ae3b6556fa1ff1e6265bbab482bd084b7"
  dependencies:
    "@algolia/cache-common" "4.9.1"
    "@algolia/logger-common" "4.9.1"
    "@algolia/requester-common" "4.9.1"

"@babel/helper-validator-identifier@^7.14.0":
  version "7.14.0"
  resolved "https://registry.yarnpkg.com/@babel/helper-validator-identifier/-/helper-validator-identifier-7.14.0.tgz#d26cad8a47c65286b15df1547319a5d0bcf27288"

"@babel/parser@^7.12.0":
  version "7.14.4"
  resolved "https://registry.yarnpkg.com/@babel/parser/-/parser-7.14.4.tgz#a5c560d6db6cd8e6ed342368dea8039232cbab18"

"@babel/types@^7.12.0":
  version "7.14.4"
  resolved "https://registry.yarnpkg.com/@babel/types/-/types-7.14.4.tgz#bfd6980108168593b38b3eb48a24aa026b919bc0"
  dependencies:
    "@babel/helper-validator-identifier" "^7.14.0"
    to-fast-properties "^2.0.0"

"@docsearch/css@3.0.0-alpha.31":
  version "3.0.0-alpha.31"
  resolved "https://registry.yarnpkg.com/@docsearch/css/-/css-3.0.0-alpha.31.tgz#5fb8595201b3f120e5bc4ae4d536068b1a5ca695"

"@docsearch/js@3.0.0-alpha.31":
  version "3.0.0-alpha.31"
  resolved "https://registry.yarnpkg.com/@docsearch/js/-/js-3.0.0-alpha.31.tgz#a180cb0b790682f41ac2a8e352e84bdd5a6a2807"
  dependencies:
    "@docsearch/react" "3.0.0-alpha.31"
    preact "^10.0.0"

"@docsearch/react@3.0.0-alpha.31":
  version "3.0.0-alpha.31"
  resolved "https://registry.yarnpkg.com/@docsearch/react/-/react-3.0.0-alpha.31.tgz#3389cf4c7695e3a87a14b86e462ae08a8e08b84e"
  dependencies:
    "@algolia/autocomplete-core" "^1.0.0-alpha.35"
    "@algolia/autocomplete-preset-algolia" "^1.0.0-alpha.35"
    "@docsearch/css" "3.0.0-alpha.31"
    algoliasearch "^4.0.0"

"@nodelib/fs.scandir@2.1.5":
  version "2.1.5"
  resolved "https://registry.yarnpkg.com/@nodelib/fs.scandir/-/fs.scandir-2.1.5.tgz#7619c2eb21b25483f6d167548b4cfd5a7488c3d5"
  dependencies:
    "@nodelib/fs.stat" "2.0.5"
    run-parallel "^1.1.9"

"@nodelib/fs.stat@2.0.5", "@nodelib/fs.stat@^2.0.2":
  version "2.0.5"
  resolved "https://registry.yarnpkg.com/@nodelib/fs.stat/-/fs.stat-2.0.5.tgz#5bd262af94e9d25bd1e71b05deed44876a222e8b"

"@nodelib/fs.walk@^1.2.3":
  version "1.2.7"
  resolved "https://registry.yarnpkg.com/@nodelib/fs.walk/-/fs.walk-1.2.7.tgz#94c23db18ee4653e129abd26fb06f870ac9e1ee2"
  dependencies:
    "@nodelib/fs.scandir" "2.1.5"
    fastq "^1.6.0"

"@types/debug@^4.1.5":
  version "4.1.5"
  resolved "https://registry.yarnpkg.com/@types/debug/-/debug-4.1.5.tgz#b14efa8852b7768d898906613c23f688713e02cd"

"@types/fs-extra@^9.0.1", "@types/fs-extra@^9.0.11":
  version "9.0.11"
  resolved "https://registry.yarnpkg.com/@types/fs-extra/-/fs-extra-9.0.11.tgz#8cc99e103499eab9f347dbc6ca4e99fb8d2c2b87"
  dependencies:
    "@types/node" "*"

"@types/hash-sum@^1.0.0":
  version "1.0.0"
  resolved "https://registry.yarnpkg.com/@types/hash-sum/-/hash-sum-1.0.0.tgz#838f4e8627887d42b162d05f3d96ca636c2bc504"

"@types/highlight.js@^9.7.0":
  version "9.12.4"
  resolved "https://registry.yarnpkg.com/@types/highlight.js/-/highlight.js-9.12.4.tgz#8c3496bd1b50cc04aeefd691140aa571d4dbfa34"

"@types/linkify-it@*":
  version "3.0.1"
  resolved "https://registry.yarnpkg.com/@types/linkify-it/-/linkify-it-3.0.1.tgz#4d26a9efe3aa2caf829234ec5a39580fc88b6001"

"@types/markdown-it@^10.0.2":
  version "10.0.3"
  resolved "https://registry.yarnpkg.com/@types/markdown-it/-/markdown-it-10.0.3.tgz#a9800d14b112c17f1de76ec33eff864a4815eec7"
  dependencies:
    "@types/highlight.js" "^9.7.0"
    "@types/linkify-it" "*"
    "@types/mdurl" "*"
    highlight.js "^9.7.0"

"@types/markdown-it@^12.0.1":
  version "12.0.2"
  resolved "https://registry.yarnpkg.com/@types/markdown-it/-/markdown-it-12.0.2.tgz#153e5477970ed2a47b2f619ed4ab66f870de8a04"
  dependencies:
    "@types/highlight.js" "^9.7.0"
    "@types/linkify-it" "*"
    "@types/mdurl" "*"

"@types/mdurl@*":
  version "1.0.2"
  resolved "https://registry.yarnpkg.com/@types/mdurl/-/mdurl-1.0.2.tgz#e2ce9d83a613bacf284c7be7d491945e39e1f8e9"

"@types/node@*":
  version "15.12.2"
  resolved "https://registry.yarnpkg.com/@types/node/-/node-15.12.2.tgz#1f2b42c4be7156ff4a6f914b2fb03d05fa84e38d"

"@types/prop-types@*":
  version "15.7.3"
  resolved "https://registry.yarnpkg.com/@types/prop-types/-/prop-types-15.7.3.tgz#2ab0d5da2e5815f94b0b9d4b95d1e5f243ab2ca7"

"@types/react@^17.0.0":
  version "17.0.11"
  resolved "https://registry.yarnpkg.com/@types/react/-/react-17.0.11.tgz#67fcd0ddbf5a0b083a0f94e926c7d63f3b836451"
  dependencies:
    "@types/prop-types" "*"
    "@types/scheduler" "*"
    csstype "^3.0.2"

"@types/scheduler@*":
  version "0.16.1"
  resolved "https://registry.yarnpkg.com/@types/scheduler/-/scheduler-0.16.1.tgz#18845205e86ff0038517aab7a18a62a6b9f71275"

"@vue/compiler-core@3.1.1":
  version "3.1.1"
  resolved "https://registry.yarnpkg.com/@vue/compiler-core/-/compiler-core-3.1.1.tgz#4f2c5d70eabd454675714cc8bd2b97f6a8efb196"
  dependencies:
    "@babel/parser" "^7.12.0"
    "@babel/types" "^7.12.0"
    "@vue/shared" "3.1.1"
    estree-walker "^2.0.1"
    source-map "^0.6.1"

"@vue/compiler-dom@3.1.1":
  version "3.1.1"
  resolved "https://registry.yarnpkg.com/@vue/compiler-dom/-/compiler-dom-3.1.1.tgz#ef60d856ac2ede5b2ad5c72a7a68122895e3d652"
  dependencies:
    "@vue/compiler-core" "3.1.1"
    "@vue/shared" "3.1.1"

"@vue/devtools-api@^6.0.0-beta.10":
  version "6.0.0-beta.14"
  resolved "https://registry.yarnpkg.com/@vue/devtools-api/-/devtools-api-6.0.0-beta.14.tgz#6ed2d6f8d66a9256c9ad04bfff08309ba87b9723"

"@vue/reactivity@3.1.1":
  version "3.1.1"
  resolved "https://registry.yarnpkg.com/@vue/reactivity/-/reactivity-3.1.1.tgz#9c02fd146a6c3b03e7d658b7cf76f4b69b0f98c8"
  dependencies:
    "@vue/shared" "3.1.1"

"@vue/runtime-core@3.1.1":
  version "3.1.1"
  resolved "https://registry.yarnpkg.com/@vue/runtime-core/-/runtime-core-3.1.1.tgz#542110c09a643d7d80646a2f071aff6b324c4158"
  dependencies:
    "@vue/reactivity" "3.1.1"
    "@vue/shared" "3.1.1"

"@vue/runtime-dom@3.1.1":
  version "3.1.1"
  resolved "https://registry.yarnpkg.com/@vue/runtime-dom/-/runtime-dom-3.1.1.tgz#5539bbce132d29f6445b4964cb7b4164a89a5ce6"
  dependencies:
    "@vue/runtime-core" "3.1.1"
    "@vue/shared" "3.1.1"
    csstype "^2.6.8"

"@vue/shared@3.1.1", "@vue/shared@^3.0.11", "@vue/shared@^3.0.3":
  version "3.1.1"
  resolved "https://registry.yarnpkg.com/@vue/shared/-/shared-3.1.1.tgz#2287cfc3dc20e5b20aeb65c2c3a56533bdca801c"

"@vuepress/client@2.0.0-alpha.1":
  version "2.0.0-alpha.1"
  resolved "https://registry.yarnpkg.com/@vuepress/client/-/client-2.0.0-alpha.1.tgz#ba6d22b205463364daf40695050a1b0c7bae5be6"
  dependencies:
    "@vuepress/shared" "2.0.0-alpha.1"
    vue "^3.0.0"
    vue-router "4.0.0-rc.5"

"@vuepress/client@2.0.0-beta.15":
  version "2.0.0-beta.15"
  resolved "https://registry.yarnpkg.com/@vuepress/client/-/client-2.0.0-beta.15.tgz#f463e51f6f108b94d139679c1a3e2fe8a0882920"
  dependencies:
    "@vuepress/shared" "2.0.0-beta.7"
    vue "^3.0.11"
    vue-router "^4.0.8"

"@vuepress/core@2.0.0-alpha.1":
  version "2.0.0-alpha.1"
  resolved "https://registry.yarnpkg.com/@vuepress/core/-/core-2.0.0-alpha.1.tgz#9db4824d677577cb0292569c7bae4a0686928345"
  dependencies:
    "@vuepress/client" "2.0.0-alpha.1"
    "@vuepress/markdown" "2.0.0-alpha.1"
    "@vuepress/shared" "2.0.0-alpha.1"
    "@vuepress/utils" "2.0.0-alpha.1"
    gray-matter "^4.0.2"
    toml "^3.0.0"

"@vuepress/core@2.0.0-beta.17":
  version "2.0.0-beta.17"
  resolved "https://registry.yarnpkg.com/@vuepress/core/-/core-2.0.0-beta.17.tgz#61685d172d3132f40b3a724190afc76cc989bb69"
  dependencies:
    "@vuepress/client" "2.0.0-beta.15"
    "@vuepress/markdown" "2.0.0-beta.15"
    "@vuepress/shared" "2.0.0-beta.7"
    "@vuepress/utils" "2.0.0-beta.15"
    gray-matter "^4.0.3"
    toml "^3.0.0"

"@vuepress/markdown@2.0.0-alpha.1":
  version "2.0.0-alpha.1"
  resolved "https://registry.yarnpkg.com/@vuepress/markdown/-/markdown-2.0.0-alpha.1.tgz#89269e8c94574d2711da01b71acb023c626132ff"
  dependencies:
    "@types/markdown-it" "^10.0.2"
    "@vuepress/shared" "2.0.0-alpha.1"
    "@vuepress/utils" "2.0.0-alpha.1"
    markdown-it "^12.0.1"
    markdown-it-anchor "^6.0.0"
    markdown-it-emoji "^2.0.0"
    prismjs "^1.22.0"

"@vuepress/markdown@2.0.0-beta.15":
  version "2.0.0-beta.15"
  resolved "https://registry.yarnpkg.com/@vuepress/markdown/-/markdown-2.0.0-beta.15.tgz#5080f044463ed08f4210cef508f66453cb6c92e4"
  dependencies:
    "@types/markdown-it" "^12.0.1"
    "@vuepress/shared" "2.0.0-beta.7"
    "@vuepress/utils" "2.0.0-beta.15"
    markdown-it "^12.0.6"
    markdown-it-anchor "^7.1.0"
    markdown-it-emoji "^2.0.0"
    mdurl "^1.0.1"

"@vuepress/plugin-docsearch@^2.0.0-alpha.1":
  version "2.0.0-alpha.1"
  resolved "https://registry.yarnpkg.com/@vuepress/plugin-docsearch/-/plugin-docsearch-2.0.0-alpha.1.tgz#50034a2f738f80abaecca7135e94e480fd85566a"
  dependencies:
    "@docsearch/css" "3.0.0-alpha.31"
    "@docsearch/js" "3.0.0-alpha.31"
    "@types/react" "^17.0.0"
    "@vuepress/client" "2.0.0-alpha.1"
    "@vuepress/core" "2.0.0-alpha.1"
    "@vuepress/shared" "2.0.0-alpha.1"
    "@vuepress/utils" "2.0.0-alpha.1"
    preact "^10.0.0"
    vue "^3.0.0"
    vue-router "4.0.0-rc.5"

"@vuepress/plugin-search@^2.0.0-beta.17":
  version "2.0.0-beta.17"
  resolved "https://registry.yarnpkg.com/@vuepress/plugin-search/-/plugin-search-2.0.0-beta.17.tgz#e94d52b5c847e80ddba991d3c921098a69c90bac"
  dependencies:
    "@vuepress/client" "2.0.0-beta.15"
    "@vuepress/core" "2.0.0-beta.17"
    "@vuepress/shared" "2.0.0-beta.7"
    "@vuepress/utils" "2.0.0-beta.15"
    chokidar "^3.5.1"
    vue "^3.0.11"
    vue-router "^4.0.8"

"@vuepress/shared@2.0.0-alpha.1":
  version "2.0.0-alpha.1"
  resolved "https://registry.yarnpkg.com/@vuepress/shared/-/shared-2.0.0-alpha.1.tgz#92e4f95056351c22a07e62373753bad4d7142979"
  dependencies:
    "@vue/shared" "^3.0.3"

"@vuepress/shared@2.0.0-beta.7":
  version "2.0.0-beta.7"
  resolved "https://registry.yarnpkg.com/@vuepress/shared/-/shared-2.0.0-beta.7.tgz#5514b8e9cd7f7aeab59a5bb4767dbf3271a8d7d5"
  dependencies:
    "@vue/shared" "^3.0.11"

"@vuepress/utils@2.0.0-alpha.1":
  version "2.0.0-alpha.1"
  resolved "https://registry.yarnpkg.com/@vuepress/utils/-/utils-2.0.0-alpha.1.tgz#e68f466408e70680d9ff8c561311d10a0a813b0a"
  dependencies:
    "@types/debug" "^4.1.5"
    "@types/fs-extra" "^9.0.1"
    "@types/hash-sum" "^1.0.0"
    "@vuepress/shared" "2.0.0-alpha.1"
    chalk "^4.1.0"
    debug "^4.2.0"
    fs-extra "^9.0.1"
    globby "^11.0.1"
    hash-sum "^2.0.0"
    ora "^5.1.0"
    upath "^1.2.0"

"@vuepress/utils@2.0.0-beta.15":
  version "2.0.0-beta.15"
  resolved "https://registry.yarnpkg.com/@vuepress/utils/-/utils-2.0.0-beta.15.tgz#3dd4f1ab54dae43490e81f39035771ef4732be37"
  dependencies:
    "@types/debug" "^4.1.5"
    "@types/fs-extra" "^9.0.11"
    "@types/hash-sum" "^1.0.0"
    "@vuepress/shared" "2.0.0-beta.7"
    chalk "^4.1.1"
    debug "^4.3.1"
    fs-extra "^10.0.0"
    globby "^11.0.3"
    hash-sum "^2.0.0"
    ora "^5.4.0"
    upath "^2.0.1"

algoliasearch@^4.0.0:
  version "4.9.1"
  resolved "https://registry.yarnpkg.com/algoliasearch/-/algoliasearch-4.9.1.tgz#1fa8ece3f9808e465226176b88b953801c2274e0"
  dependencies:
    "@algolia/cache-browser-local-storage" "4.9.1"
    "@algolia/cache-common" "4.9.1"
    "@algolia/cache-in-memory" "4.9.1"
    "@algolia/client-account" "4.9.1"
    "@algolia/client-analytics" "4.9.1"
    "@algolia/client-common" "4.9.1"
    "@algolia/client-recommendation" "4.9.1"
    "@algolia/client-search" "4.9.1"
    "@algolia/logger-common" "4.9.1"
    "@algolia/logger-console" "4.9.1"
    "@algolia/requester-browser-xhr" "4.9.1"
    "@algolia/requester-common" "4.9.1"
    "@algolia/requester-node-http" "4.9.1"
    "@algolia/transporter" "4.9.1"

ansi-regex@^5.0.0:
  version "5.0.0"
  resolved "https://registry.yarnpkg.com/ansi-regex/-/ansi-regex-5.0.0.tgz#388539f55179bf39339c81af30a654d69f87cb75"

ansi-styles@^4.1.0:
  version "4.3.0"
  resolved "https://registry.yarnpkg.com/ansi-styles/-/ansi-styles-4.3.0.tgz#edd803628ae71c04c85ae7a0906edad34b648937"
  dependencies:
    color-convert "^2.0.1"

anymatch@~3.1.1:
  version "3.1.2"
  resolved "https://registry.yarnpkg.com/anymatch/-/anymatch-3.1.2.tgz#c0557c096af32f106198f4f4e2a383537e378716"
  dependencies:
    normalize-path "^3.0.0"
    picomatch "^2.0.4"

argparse@^1.0.7:
  version "1.0.10"
  resolved "https://registry.yarnpkg.com/argparse/-/argparse-1.0.10.tgz#bcd6791ea5ae09725e17e5ad988134cd40b3d911"
  dependencies:
    sprintf-js "~1.0.2"

argparse@^2.0.1:
  version "2.0.1"
  resolved "https://registry.yarnpkg.com/argparse/-/argparse-2.0.1.tgz#246f50f3ca78a3240f6c997e8a9bd1eac49e4b38"

array-union@^2.1.0:
  version "2.1.0"
  resolved "https://registry.yarnpkg.com/array-union/-/array-union-2.1.0.tgz#b798420adbeb1de828d84acd8a2e23d3efe85e8d"

at-least-node@^1.0.0:
  version "1.0.0"
  resolved "https://registry.yarnpkg.com/at-least-node/-/at-least-node-1.0.0.tgz#602cd4b46e844ad4effc92a8011a3c46e0238dc2"

base64-js@^1.3.1:
  version "1.5.1"
  resolved "https://registry.yarnpkg.com/base64-js/-/base64-js-1.5.1.tgz#1b1b440160a5bf7ad40b650f095963481903930a"

binary-extensions@^2.0.0:
  version "2.2.0"
  resolved "https://registry.yarnpkg.com/binary-extensions/-/binary-extensions-2.2.0.tgz#75f502eeaf9ffde42fc98829645be4ea76bd9e2d"

bl@^4.1.0:
  version "4.1.0"
  resolved "https://registry.yarnpkg.com/bl/-/bl-4.1.0.tgz#451535264182bec2fbbc83a62ab98cf11d9f7b3a"
  dependencies:
    buffer "^5.5.0"
    inherits "^2.0.4"
    readable-stream "^3.4.0"

braces@^3.0.1, braces@~3.0.2:
  version "3.0.2"
  resolved "https://registry.yarnpkg.com/braces/-/braces-3.0.2.tgz#3454e1a462ee8d599e236df336cd9ea4f8afe107"
  dependencies:
    fill-range "^7.0.1"

buffer@^5.5.0:
  version "5.7.1"
  resolved "https://registry.yarnpkg.com/buffer/-/buffer-5.7.1.tgz#ba62e7c13133053582197160851a8f648e99eed0"
  dependencies:
    base64-js "^1.3.1"
    ieee754 "^1.1.13"

chalk@^4.1.0, chalk@^4.1.1:
  version "4.1.1"
  resolved "https://registry.yarnpkg.com/chalk/-/chalk-4.1.1.tgz#c80b3fab28bf6371e6863325eee67e618b77e6ad"
  dependencies:
    ansi-styles "^4.1.0"
    supports-color "^7.1.0"

chokidar@^3.5.1:
  version "3.5.1"
  resolved "https://registry.yarnpkg.com/chokidar/-/chokidar-3.5.1.tgz#ee9ce7bbebd2b79f49f304799d5468e31e14e68a"
  dependencies:
    anymatch "~3.1.1"
    braces "~3.0.2"
    glob-parent "~5.1.0"
    is-binary-path "~2.1.0"
    is-glob "~4.0.1"
    normalize-path "~3.0.0"
    readdirp "~3.5.0"
  optionalDependencies:
    fsevents "~2.3.1"

cli-cursor@^3.1.0:
  version "3.1.0"
  resolved "https://registry.yarnpkg.com/cli-cursor/-/cli-cursor-3.1.0.tgz#264305a7ae490d1d03bf0c9ba7c925d1753af307"
  dependencies:
    restore-cursor "^3.1.0"

cli-spinners@^2.5.0:
  version "2.6.0"
  resolved "https://registry.yarnpkg.com/cli-spinners/-/cli-spinners-2.6.0.tgz#36c7dc98fb6a9a76bd6238ec3f77e2425627e939"

clipboard@^2.0.0:
  version "2.0.8"
  resolved "https://registry.yarnpkg.com/clipboard/-/clipboard-2.0.8.tgz#ffc6c103dd2967a83005f3f61976aa4655a4cdba"
  dependencies:
    good-listener "^1.2.2"
    select "^1.1.2"
    tiny-emitter "^2.0.0"

clone@^1.0.2:
  version "1.0.4"
  resolved "https://registry.yarnpkg.com/clone/-/clone-1.0.4.tgz#da309cc263df15994c688ca902179ca3c7cd7c7e"

color-convert@^2.0.1:
  version "2.0.1"
  resolved "https://registry.yarnpkg.com/color-convert/-/color-convert-2.0.1.tgz#72d3a68d598c9bdb3af2ad1e84f21d896abd4de3"
  dependencies:
    color-name "~1.1.4"

color-name@~1.1.4:
  version "1.1.4"
  resolved "https://registry.yarnpkg.com/color-name/-/color-name-1.1.4.tgz#c2a09a87acbde69543de6f63fa3995c826c536a2"

csstype@^2.6.8:
  version "2.6.17"
  resolved "https://registry.yarnpkg.com/csstype/-/csstype-2.6.17.tgz#4cf30eb87e1d1a005d8b6510f95292413f6a1c0e"

csstype@^3.0.2:
  version "3.0.8"
  resolved "https://registry.yarnpkg.com/csstype/-/csstype-3.0.8.tgz#d2266a792729fb227cd216fb572f43728e1ad340"

debug@^4.2.0, debug@^4.3.1:
  version "4.3.1"
  resolved "https://registry.yarnpkg.com/debug/-/debug-4.3.1.tgz#f0d229c505e0c6d8c49ac553d1b13dc183f6b2ee"
  dependencies:
    ms "2.1.2"

defaults@^1.0.3:
  version "1.0.3"
  resolved "https://registry.yarnpkg.com/defaults/-/defaults-1.0.3.tgz#c656051e9817d9ff08ed881477f3fe4019f3ef7d"
  dependencies:
    clone "^1.0.2"

delegate@^3.1.2:
  version "3.2.0"
  resolved "https://registry.yarnpkg.com/delegate/-/delegate-3.2.0.tgz#b66b71c3158522e8ab5744f720d8ca0c2af59166"

dir-glob@^3.0.1:
  version "3.0.1"
  resolved "https://registry.yarnpkg.com/dir-glob/-/dir-glob-3.0.1.tgz#56dbf73d992a4a93ba1584f4534063fd2e41717f"
  dependencies:
    path-type "^4.0.0"

entities@~2.1.0:
  version "2.1.0"
  resolved "https://registry.yarnpkg.com/entities/-/entities-2.1.0.tgz#992d3129cf7df6870b96c57858c249a120f8b8b5"

esprima@^4.0.0:
  version "4.0.1"
  resolved "https://registry.yarnpkg.com/esprima/-/esprima-4.0.1.tgz#13b04cdb3e6c5d19df91ab6987a8695619b0aa71"

estree-walker@^2.0.1:
  version "2.0.2"
  resolved "https://registry.yarnpkg.com/estree-walker/-/estree-walker-2.0.2.tgz#52f010178c2a4c117a7757cfe942adb7d2da4cac"

extend-shallow@^2.0.1:
  version "2.0.1"
  resolved "https://registry.yarnpkg.com/extend-shallow/-/extend-shallow-2.0.1.tgz#51af7d614ad9a9f610ea1bafbb989d6b1c56890f"
  dependencies:
    is-extendable "^0.1.0"

fast-glob@^3.1.1:
  version "3.2.5"
  resolved "https://registry.yarnpkg.com/fast-glob/-/fast-glob-3.2.5.tgz#7939af2a656de79a4f1901903ee8adcaa7cb9661"
  dependencies:
    "@nodelib/fs.stat" "^2.0.2"
    "@nodelib/fs.walk" "^1.2.3"
    glob-parent "^5.1.0"
    merge2 "^1.3.0"
    micromatch "^4.0.2"
    picomatch "^2.2.1"

fastq@^1.6.0:
  version "1.11.0"
  resolved "https://registry.yarnpkg.com/fastq/-/fastq-1.11.0.tgz#bb9fb955a07130a918eb63c1f5161cc32a5d0858"
  dependencies:
    reusify "^1.0.4"

fill-range@^7.0.1:
  version "7.0.1"
  resolved "https://registry.yarnpkg.com/fill-range/-/fill-range-7.0.1.tgz#1919a6a7c75fe38b2c7c77e5198535da9acdda40"
  dependencies:
    to-regex-range "^5.0.1"

fs-extra@^10.0.0:
  version "10.0.0"
  resolved "https://registry.yarnpkg.com/fs-extra/-/fs-extra-10.0.0.tgz#9ff61b655dde53fb34a82df84bb214ce802e17c1"
  dependencies:
    graceful-fs "^4.2.0"
    jsonfile "^6.0.1"
    universalify "^2.0.0"

fs-extra@^9.0.1:
  version "9.1.0"
  resolved "https://registry.yarnpkg.com/fs-extra/-/fs-extra-9.1.0.tgz#5954460c764a8da2094ba3554bf839e6b9a7c86d"
  dependencies:
    at-least-node "^1.0.0"
    graceful-fs "^4.2.0"
    jsonfile "^6.0.1"
    universalify "^2.0.0"

fsevents@~2.3.1:
  version "2.3.2"
  resolved "https://registry.yarnpkg.com/fsevents/-/fsevents-2.3.2.tgz#8a526f78b8fdf4623b709e0b975c52c24c02fd1a"

glob-parent@^5.1.0, glob-parent@~5.1.0:
  version "5.1.2"
  resolved "https://registry.yarnpkg.com/glob-parent/-/glob-parent-5.1.2.tgz#869832c58034fe68a4093c17dc15e8340d8401c4"
  dependencies:
    is-glob "^4.0.1"

globby@^11.0.1, globby@^11.0.3:
  version "11.0.3"
  resolved "https://registry.yarnpkg.com/globby/-/globby-11.0.3.tgz#9b1f0cb523e171dd1ad8c7b2a9fb4b644b9593cb"
  dependencies:
    array-union "^2.1.0"
    dir-glob "^3.0.1"
    fast-glob "^3.1.1"
    ignore "^5.1.4"
    merge2 "^1.3.0"
    slash "^3.0.0"

good-listener@^1.2.2:
  version "1.2.2"
  resolved "https://registry.yarnpkg.com/good-listener/-/good-listener-1.2.2.tgz#d53b30cdf9313dffb7dc9a0d477096aa6d145c50"
  dependencies:
    delegate "^3.1.2"

graceful-fs@^4.1.6, graceful-fs@^4.2.0:
  version "4.2.6"
  resolved "https://registry.yarnpkg.com/graceful-fs/-/graceful-fs-4.2.6.tgz#ff040b2b0853b23c3d31027523706f1885d76bee"

gray-matter@^4.0.2, gray-matter@^4.0.3:
  version "4.0.3"
  resolved "https://registry.yarnpkg.com/gray-matter/-/gray-matter-4.0.3.tgz#e893c064825de73ea1f5f7d88c7a9f7274288798"
  dependencies:
    js-yaml "^3.13.1"
    kind-of "^6.0.2"
    section-matter "^1.0.0"
    strip-bom-string "^1.0.0"

has-flag@^4.0.0:
  version "4.0.0"
  resolved "https://registry.yarnpkg.com/has-flag/-/has-flag-4.0.0.tgz#944771fd9c81c81265c4d6941860da06bb59479b"

hash-sum@^2.0.0:
  version "2.0.0"
  resolved "https://registry.yarnpkg.com/hash-sum/-/hash-sum-2.0.0.tgz#81d01bb5de8ea4a214ad5d6ead1b523460b0b45a"

highlight.js@^9.7.0:
  version "9.18.5"
  resolved "https://registry.yarnpkg.com/highlight.js/-/highlight.js-9.18.5.tgz#d18a359867f378c138d6819edfc2a8acd5f29825"

ieee754@^1.1.13:
  version "1.2.1"
  resolved "https://registry.yarnpkg.com/ieee754/-/ieee754-1.2.1.tgz#8eb7a10a63fff25d15a57b001586d177d1b0d352"

ignore@^5.1.4:
  version "5.1.8"
  resolved "https://registry.yarnpkg.com/ignore/-/ignore-5.1.8.tgz#f150a8b50a34289b33e22f5889abd4d8016f0e57"

inherits@^2.0.3, inherits@^2.0.4:
  version "2.0.4"
  resolved "https://registry.yarnpkg.com/inherits/-/inherits-2.0.4.tgz#0fa2c64f932917c3433a0ded55363aae37416b7c"

is-binary-path@~2.1.0:
  version "2.1.0"
  resolved "https://registry.yarnpkg.com/is-binary-path/-/is-binary-path-2.1.0.tgz#ea1f7f3b80f064236e83470f86c09c254fb45b09"
  dependencies:
    binary-extensions "^2.0.0"

is-extendable@^0.1.0:
  version "0.1.1"
  resolved "https://registry.yarnpkg.com/is-extendable/-/is-extendable-0.1.1.tgz#62b110e289a471418e3ec36a617d472e301dfc89"

is-extglob@^2.1.1:
  version "2.1.1"
  resolved "https://registry.yarnpkg.com/is-extglob/-/is-extglob-2.1.1.tgz#a88c02535791f02ed37c76a1b9ea9773c833f8c2"

is-glob@^4.0.1, is-glob@~4.0.1:
  version "4.0.1"
  resolved "https://registry.yarnpkg.com/is-glob/-/is-glob-4.0.1.tgz#7567dbe9f2f5e2467bc77ab83c4a29482407a5dc"
  dependencies:
    is-extglob "^2.1.1"

is-interactive@^1.0.0:
  version "1.0.0"
  resolved "https://registry.yarnpkg.com/is-interactive/-/is-interactive-1.0.0.tgz#cea6e6ae5c870a7b0a0004070b7b587e0252912e"

is-number@^7.0.0:
  version "7.0.0"
  resolved "https://registry.yarnpkg.com/is-number/-/is-number-7.0.0.tgz#7535345b896734d5f80c4d06c50955527a14f12b"

is-unicode-supported@^0.1.0:
  version "0.1.0"
  resolved "https://registry.yarnpkg.com/is-unicode-supported/-/is-unicode-supported-0.1.0.tgz#3f26c76a809593b52bfa2ecb5710ed2779b522a7"

js-yaml@^3.13.1:
  version "3.14.1"
  resolved "https://registry.yarnpkg.com/js-yaml/-/js-yaml-3.14.1.tgz#dae812fdb3825fa306609a8717383c50c36a0537"
  dependencies:
    argparse "^1.0.7"
    esprima "^4.0.0"

jsonfile@^6.0.1:
  version "6.1.0"
  resolved "https://registry.yarnpkg.com/jsonfile/-/jsonfile-6.1.0.tgz#bc55b2634793c679ec6403094eb13698a6ec0aae"
  dependencies:
    universalify "^2.0.0"
  optionalDependencies:
    graceful-fs "^4.1.6"

kind-of@^6.0.0, kind-of@^6.0.2:
  version "6.0.3"
  resolved "https://registry.yarnpkg.com/kind-of/-/kind-of-6.0.3.tgz#07c05034a6c349fa06e24fa35aa76db4580ce4dd"

linkify-it@^3.0.1:
  version "3.0.2"
  resolved "https://registry.yarnpkg.com/linkify-it/-/linkify-it-3.0.2.tgz#f55eeb8bc1d3ae754049e124ab3bb56d97797fb8"
  dependencies:
    uc.micro "^1.0.1"

log-symbols@^4.1.0:
  version "4.1.0"
  resolved "https://registry.yarnpkg.com/log-symbols/-/log-symbols-4.1.0.tgz#3fbdbb95b4683ac9fc785111e792e558d4abd503"
  dependencies:
    chalk "^4.1.0"
    is-unicode-supported "^0.1.0"

markdown-it-anchor@^6.0.0:
  version "6.0.1"
  resolved "https://registry.yarnpkg.com/markdown-it-anchor/-/markdown-it-anchor-6.0.1.tgz#f54b78757d0b61455faf8ced775b39498bd6d6f9"

markdown-it-anchor@^7.1.0:
  version "7.1.0"
  resolved "https://registry.yarnpkg.com/markdown-it-anchor/-/markdown-it-anchor-7.1.0.tgz#30fb21497bf59e83ff4d1ddc052d821962e2489e"

markdown-it-emoji@^2.0.0:
  version "2.0.0"
  resolved "https://registry.yarnpkg.com/markdown-it-emoji/-/markdown-it-emoji-2.0.0.tgz#3164ad4c009efd946e98274f7562ad611089a231"

markdown-it@^12.0.1, markdown-it@^12.0.6:
  version "12.0.6"
  resolved "https://registry.yarnpkg.com/markdown-it/-/markdown-it-12.0.6.tgz#adcc8e5fe020af292ccbdf161fe84f1961516138"
  dependencies:
    argparse "^2.0.1"
    entities "~2.1.0"
    linkify-it "^3.0.1"
    mdurl "^1.0.1"
    uc.micro "^1.0.5"

mdurl@^1.0.1:
  version "1.0.1"
  resolved "https://registry.yarnpkg.com/mdurl/-/mdurl-1.0.1.tgz#fe85b2ec75a59037f2adfec100fd6c601761152e"

merge2@^1.3.0:
  version "1.4.1"
  resolved "https://registry.yarnpkg.com/merge2/-/merge2-1.4.1.tgz#4368892f885e907455a6fd7dc55c0c9d404990ae"

micromatch@^4.0.2:
  version "4.0.4"
  resolved "https://registry.yarnpkg.com/micromatch/-/micromatch-4.0.4.tgz#896d519dfe9db25fce94ceb7a500919bf881ebf9"
  dependencies:
    braces "^3.0.1"
    picomatch "^2.2.3"

mimic-fn@^2.1.0:
  version "2.1.0"
  resolved "https://registry.yarnpkg.com/mimic-fn/-/mimic-fn-2.1.0.tgz#7ed2c2ccccaf84d3ffcb7a69b57711fc2083401b"

ms@2.1.2:
  version "2.1.2"
  resolved "https://registry.yarnpkg.com/ms/-/ms-2.1.2.tgz#d09d1f357b443f493382a8eb3ccd183872ae6009"

normalize-path@^3.0.0, normalize-path@~3.0.0:
  version "3.0.0"
  resolved "https://registry.yarnpkg.com/normalize-path/-/normalize-path-3.0.0.tgz#0dcd69ff23a1c9b11fd0978316644a0388216a65"

onetime@^5.1.0:
  version "5.1.2"
  resolved "https://registry.yarnpkg.com/onetime/-/onetime-5.1.2.tgz#d0e96ebb56b07476df1dd9c4806e5237985ca45e"
  dependencies:
    mimic-fn "^2.1.0"

ora@^5.1.0, ora@^5.4.0:
  version "5.4.1"
  resolved "https://registry.yarnpkg.com/ora/-/ora-5.4.1.tgz#1b2678426af4ac4a509008e5e4ac9e9959db9e18"
  dependencies:
    bl "^4.1.0"
    chalk "^4.1.0"
    cli-cursor "^3.1.0"
    cli-spinners "^2.5.0"
    is-interactive "^1.0.0"
    is-unicode-supported "^0.1.0"
    log-symbols "^4.1.0"
    strip-ansi "^6.0.0"
    wcwidth "^1.0.1"

path-type@^4.0.0:
  version "4.0.0"
  resolved "https://registry.yarnpkg.com/path-type/-/path-type-4.0.0.tgz#84ed01c0a7ba380afe09d90a8c180dcd9d03043b"

picomatch@^2.0.4, picomatch@^2.2.1, picomatch@^2.2.3:
  version "2.3.0"
  resolved "https://registry.yarnpkg.com/picomatch/-/picomatch-2.3.0.tgz#f1f061de8f6a4bf022892e2d128234fb98302972"

preact@^10.0.0:
  version "10.5.13"
  resolved "https://registry.yarnpkg.com/preact/-/preact-10.5.13.tgz#85f6c9197ecd736ce8e3bec044d08fd1330fa019"

prismjs@^1.22.0:
  version "1.23.0"
  resolved "https://registry.yarnpkg.com/prismjs/-/prismjs-1.23.0.tgz#d3b3967f7d72440690497652a9d40ff046067f33"
  optionalDependencies:
    clipboard "^2.0.0"

queue-microtask@^1.2.2:
  version "1.2.3"
  resolved "https://registry.yarnpkg.com/queue-microtask/-/queue-microtask-1.2.3.tgz#4929228bbc724dfac43e0efb058caf7b6cfb6243"

readable-stream@^3.4.0:
  version "3.6.0"
  resolved "https://registry.yarnpkg.com/readable-stream/-/readable-stream-3.6.0.tgz#337bbda3adc0706bd3e024426a286d4b4b2c9198"
  dependencies:
    inherits "^2.0.3"
    string_decoder "^1.1.1"
    util-deprecate "^1.0.1"

readdirp@~3.5.0:
  version "3.5.0"
  resolved "https://registry.yarnpkg.com/readdirp/-/readdirp-3.5.0.tgz#9ba74c019b15d365278d2e91bb8c48d7b4d42c9e"
  dependencies:
    picomatch "^2.2.1"

restore-cursor@^3.1.0:
  version "3.1.0"
  resolved "https://registry.yarnpkg.com/restore-cursor/-/restore-cursor-3.1.0.tgz#39f67c54b3a7a58cea5236d95cf0034239631f7e"
  dependencies:
    onetime "^5.1.0"
    signal-exit "^3.0.2"

reusify@^1.0.4:
  version "1.0.4"
  resolved "https://registry.yarnpkg.com/reusify/-/reusify-1.0.4.tgz#90da382b1e126efc02146e90845a88db12925d76"

run-parallel@^1.1.9:
  version "1.2.0"
  resolved "https://registry.yarnpkg.com/run-parallel/-/run-parallel-1.2.0.tgz#66d1368da7bdf921eb9d95bd1a9229e7f21a43ee"
  dependencies:
    queue-microtask "^1.2.2"

safe-buffer@~5.2.0:
  version "5.2.1"
  resolved "https://registry.yarnpkg.com/safe-buffer/-/safe-buffer-5.2.1.tgz#1eaf9fa9bdb1fdd4ec75f58f9cdb4e6b7827eec6"

section-matter@^1.0.0:
  version "1.0.0"
  resolved "https://registry.yarnpkg.com/section-matter/-/section-matter-1.0.0.tgz#e9041953506780ec01d59f292a19c7b850b84167"
  dependencies:
    extend-shallow "^2.0.1"
    kind-of "^6.0.0"

select@^1.1.2:
  version "1.1.2"
  resolved "https://registry.yarnpkg.com/select/-/select-1.1.2.tgz#0e7350acdec80b1108528786ec1d4418d11b396d"

signal-exit@^3.0.2:
  version "3.0.3"
  resolved "https://registry.yarnpkg.com/signal-exit/-/signal-exit-3.0.3.tgz#a1410c2edd8f077b08b4e253c8eacfcaf057461c"

slash@^3.0.0:
  version "3.0.0"
  resolved "https://registry.yarnpkg.com/slash/-/slash-3.0.0.tgz#6539be870c165adbd5240220dbe361f1bc4d4634"

source-map@^0.6.1:
  version "0.6.1"
  resolved "https://registry.yarnpkg.com/source-map/-/source-map-0.6.1.tgz#74722af32e9614e9c287a8d0bbde48b5e2f1a263"

sprintf-js@~1.0.2:
  version "1.0.3"
  resolved "https://registry.yarnpkg.com/sprintf-js/-/sprintf-js-1.0.3.tgz#04e6926f662895354f3dd015203633b857297e2c"

string_decoder@^1.1.1:
  version "1.3.0"
  resolved "https://registry.yarnpkg.com/string_decoder/-/string_decoder-1.3.0.tgz#42f114594a46cf1a8e30b0a84f56c78c3edac21e"
  dependencies:
    safe-buffer "~5.2.0"

strip-ansi@^6.0.0:
  version "6.0.0"
  resolved "https://registry.yarnpkg.com/strip-ansi/-/strip-ansi-6.0.0.tgz#0b1571dd7669ccd4f3e06e14ef1eed26225ae532"
  dependencies:
    ansi-regex "^5.0.0"

strip-bom-string@^1.0.0:
  version "1.0.0"
  resolved "https://registry.yarnpkg.com/strip-bom-string/-/strip-bom-string-1.0.0.tgz#e5211e9224369fbb81d633a2f00044dc8cedad92"

supports-color@^7.1.0:
  version "7.2.0"
  resolved "https://registry.yarnpkg.com/supports-color/-/supports-color-7.2.0.tgz#1b7dcdcb32b8138801b3e478ba6a51caa89648da"
  dependencies:
    has-flag "^4.0.0"

tiny-emitter@^2.0.0:
  version "2.1.0"
  resolved "https://registry.yarnpkg.com/tiny-emitter/-/tiny-emitter-2.1.0.tgz#1d1a56edfc51c43e863cbb5382a72330e3555423"

to-fast-properties@^2.0.0:
  version "2.0.0"
  resolved "https://registry.yarnpkg.com/to-fast-properties/-/to-fast-properties-2.0.0.tgz#dc5e698cbd079265bc73e0377681a4e4e83f616e"

to-regex-range@^5.0.1:
  version "5.0.1"
  resolved "https://registry.yarnpkg.com/to-regex-range/-/to-regex-range-5.0.1.tgz#1648c44aae7c8d988a326018ed72f5b4dd0392e4"
  dependencies:
    is-number "^7.0.0"

toml@^3.0.0:
  version "3.0.0"
  resolved "https://registry.yarnpkg.com/toml/-/toml-3.0.0.tgz#342160f1af1904ec9d204d03a5d61222d762c5ee"

uc.micro@^1.0.1, uc.micro@^1.0.5:
  version "1.0.6"
  resolved "https://registry.yarnpkg.com/uc.micro/-/uc.micro-1.0.6.tgz#9c411a802a409a91fc6cf74081baba34b24499ac"

universalify@^2.0.0:
  version "2.0.0"
  resolved "https://registry.yarnpkg.com/universalify/-/universalify-2.0.0.tgz#75a4984efedc4b08975c5aeb73f530d02df25717"

upath@^1.2.0:
  version "1.2.0"
  resolved "https://registry.yarnpkg.com/upath/-/upath-1.2.0.tgz#8f66dbcd55a883acdae4408af8b035a5044c1894"

upath@^2.0.1:
  version "2.0.1"
  resolved "https://registry.yarnpkg.com/upath/-/upath-2.0.1.tgz#50c73dea68d6f6b990f51d279ce6081665d61a8b"

util-deprecate@^1.0.1:
  version "1.0.2"
  resolved "https://registry.yarnpkg.com/util-deprecate/-/util-deprecate-1.0.2.tgz#450d4dc9fa70de732762fbd2d4a28981419a0ccf"

vue-router@4.0.0-rc.5:
  version "4.0.0-rc.5"
  resolved "https://registry.yarnpkg.com/vue-router/-/vue-router-4.0.0-rc.5.tgz#191d32e3d5276641ff21e881d34e33a71dc6e8f0"

vue-router@^4.0.8:
  version "4.0.8"
  resolved "https://registry.yarnpkg.com/vue-router/-/vue-router-4.0.8.tgz#55d4290a3122444edbc91a3cd2492bb1d0cef494"
  dependencies:
    "@vue/devtools-api" "^6.0.0-beta.10"

vue@^3.0.0, vue@^3.0.11:
  version "3.1.1"
  resolved "https://registry.yarnpkg.com/vue/-/vue-3.1.1.tgz#9ad655758a0fa6c0dee5b3d2431d3912a9b381aa"
  dependencies:
    "@vue/compiler-dom" "3.1.1"
    "@vue/runtime-dom" "3.1.1"
    "@vue/shared" "3.1.1"

wcwidth@^1.0.1:
  version "1.0.1"
  resolved "https://registry.yarnpkg.com/wcwidth/-/wcwidth-1.0.1.tgz#f0b0dcf915bc5ff1528afadb2c0e17b532da2fe8"
  dependencies:
    defaults "^1.0.3"
